<?xml version="1.0" encoding="utf-8"?>
<Project ToolsVersion="4.0" xmlns="http://schemas.microsoft.com/developer/msbuild/2003">
  <ItemGroup>
    <Filter Include="Source Files">
      <UniqueIdentifier>{4FC737F1-C7A5-4376-A066-2A32D752A2FF}</UniqueIdentifier>
      <Extensions>cpp;c;cc;cxx;def;odl;idl;hpj;bat;asm;asmx</Extensions>
    </Filter>
    <Filter Include="Header Files">
      <UniqueIdentifier>{93995380-89BD-4b04-88EB-625FBE52EBFB}</UniqueIdentifier>
      <Extensions>h;hh;hpp;hxx;hm;inl;inc;xsd</Extensions>
    </Filter>
    <Filter Include="Resource Files">
      <UniqueIdentifier>{67DA6AB6-F800-4c08-8B7A-83BB121AAD01}</UniqueIdentifier>
      <Extensions>rc;ico;cur;bmp;dlg;rc2;rct;bin;rgs;gif;jpg;jpeg;jpe;resx;tiff;tif;png;wav;mfcribbon-ms</Extensions>
    </Filter>
  </ItemGroup>
  <ItemGroup>
    <Text Include="ReadMe.txt" />
  </ItemGroup>
  <ItemGroup>
    <ClInclude Include="stdafx.h">
      <Filter>Header Files</Filter>
    </ClInclude>
    <ClInclude Include="targetver.h">
      <Filter>Header Files</Filter>
    </ClInclude>
    <ClInclude Include="..\P3DCommon\Prepar3D.h">
      <Filter>Header Files</Filter>
    </ClInclude>
    <ClInclude Include="..\P3DCommon\IndexedList.h">
      <Filter>Header Files</Filter>
    </ClInclude>
    <ClInclude Include="..\P3DCommon\P3DCommon.h">
      <Filter>Header Files</Filter>
    </ClInclude>
    <ClInclude Include="..\P3DCommon\Network.h">
      <Filter>Header Files</Filter>
    </ClInclude>
    <ClInclude Include="MessageThread.h">
      <Filter>Header Files</Filter>
    </ClInclude>
    <ClInclude Include="Thread.h">
      <Filter>Header Files</Filter>
    </ClInclude>
    <ClInclude Include="P3DEventCommand.h">
      <Filter>Header Files</Filter>
    </ClInclude>
    <ClInclude Include="EventMessageHandler.h">
      <Filter>Header Files</Filter>
    </ClInclude>
    <ClInclude Include="AIObject.h">
      <Filter>Header Files</Filter>
    </ClInclude>
    <ClInclude Include="HTTPService.h">
      <Filter>Header Files</Filter>
    </ClInclude>
    <ClInclude Include="http.h">
      <Filter>Header Files</Filter>
    </ClInclude>
    <ClInclude Include="HTTPRequestQueue.h">
      <Filter>Header Files</Filter>
    </ClInclude>
    <ClInclude Include="HTTPURL.h">
      <Filter>Header Files</Filter>
    </ClInclude>
    <ClInclude Include="HTTPRequest.h">
      <Filter>Header Files</Filter>
    </ClInclude>
    <ClInclude Include="HTTPResponse.h">
      <Filter>Header Files</Filter>
    </ClInclude>
    <ClInclude Include="RESTAPI.h">
      <Filter>Header Files</Filter>
    </ClInclude>
    <ClInclude Include="APIThread.h">
      <Filter>Header Files</Filter>
    </ClInclude>
    <ClInclude Include="CommandInterpreter.h">
      <Filter>Header Files</Filter>
    </ClInclude>
    <ClInclude Include="QuitHandler.h">
      <Filter>Header Files</Filter>
    </ClInclude>
    <ClInclude Include="JSONWriter.h">
      <Filter>Header Files</Filter>
    </ClInclude>
    <ClInclude Include="APIParameters.h">
      <Filter>Header Files</Filter>
    </ClInclude>
    <ClInclude Include="HTTPException.h">
      <Filter>Header Files</Filter>
    </ClInclude>
    <ClInclude Include="ScenarioMessageHandler.h">
      <Filter>Header Files</Filter>
    </ClInclude>
    <ClInclude Include="Folder.h">
      <Filter>Header Files</Filter>
    </ClInclude>
    <ClInclude Include="WideConverter.h">
      <Filter>Header Files</Filter>
    </ClInclude>
    <ClInclude Include="RecordMessageHandler.h">
      <Filter>Header Files</Filter>
    </ClInclude>
    <ClInclude Include="MessageHandler.h">
      <Filter>Header Files</Filter>
    </ClInclude>
    <ClInclude Include="ThermalMessageHandler.h">
      <Filter>Header Files</Filter>
    </ClInclude>
    <ClInclude Include="SimState.h">
      <Filter>Header Files</Filter>
    </ClInclude>
    <ClInclude Include="Simulator.h">
      <Filter>Header Files</Filter>
    </ClInclude>
    <ClInclude Include="CriticalSection.h">
      <Filter>Header Files</Filter>
    </ClInclude>
    <ClInclude Include="PositionMessageHandler.h">
      <Filter>Header Files</Filter>
    </ClInclude>
    <ClInclude Include="..\jsoncpp\json_tool.h">
      <Filter>Source Files</Filter>
    </ClInclude>
    <ClInclude Include="Failures.h">
      <Filter>Header Files</Filter>
    </ClInclude>
    <ClInclude Include="FailuresMessageHandler.h">
      <Filter>Header Files</Filter>
    </ClInclude>
    <ClInclude Include="TrafficMessageHandler.h">
      <Filter>Header Files</Filter>
    </ClInclude>
    <ClInclude Include="WeatherMessageHandler.h">
      <Filter>Header Files</Filter>
    </ClInclude>
    <ClInclude Include="P3DInstallationDirectory.h">
      <Filter>Header Files</Filter>
    </ClInclude>
    <ClInclude Include="Spline.h">
      <Filter>Header Files</Filter>
    </ClInclude>
    <ClInclude Include="Trace.h">
      <Filter>Header Files</Filter>
    </ClInclude>
    <ClInclude Include="IgcMessageHandler.h">
      <Filter>Header Files</Filter>
    </ClInclude>
    <ClInclude Include="IGCAircraft.h">
      <Filter>Header Files</Filter>
    </ClInclude>
    <ClInclude Include="IGCFile.h">
      <Filter>Header Files</Filter>
    </ClInclude>
    <ClInclude Include="TracePoint.h">
      <Filter>Header Files</Filter>
    </ClInclude>
    <ClInclude Include="Extension.h">
      <Filter>Header Files</Filter>
    </ClInclude>
    <ClInclude Include="IGCFlightRecorder.h">
      <Filter>Header Files</Filter>
    </ClInclude>
  </ItemGroup>
  <ItemGroup>
    <ClCompile Include="stdafx.cpp">
      <Filter>Source Files</Filter>
    </ClCompile>
    <ClCompile Include="..\P3DCommon\Prepar3D.cpp">
      <Filter>Source Files</Filter>
    </ClCompile>
    <ClCompile Include="..\P3DCommon\IndexedList.cpp">
      <Filter>Source Files</Filter>
    </ClCompile>
    <ClCompile Include="..\P3DCommon\P3DCommon.cpp">
      <Filter>Source Files</Filter>
    </ClCompile>
    <ClCompile Include="MessageThread.cpp">
      <Filter>Source Files</Filter>
    </ClCompile>
    <ClCompile Include="Thread.cpp">
      <Filter>Source Files</Filter>
    </ClCompile>
    <ClCompile Include="..\P3DCommon\Network.cpp">
      <Filter>Source Files</Filter>
    </ClCompile>
    <ClCompile Include="P3DEventCommand.cpp">
      <Filter>Source Files</Filter>
    </ClCompile>
    <ClCompile Include="EventMessageHandler.cpp">
      <Filter>Source Files</Filter>
    </ClCompile>
    <ClCompile Include="P3DControl.cpp">
      <Filter>Source Files</Filter>
    </ClCompile>
    <ClCompile Include="AIObject.cpp">
      <Filter>Source Files</Filter>
    </ClCompile>
    <ClCompile Include="HTTPService.cpp">
      <Filter>Source Files</Filter>
    </ClCompile>
    <ClCompile Include="HTTPRequestQueue.cpp">
      <Filter>Source Files</Filter>
    </ClCompile>
    <ClCompile Include="HTTPURL.cpp">
      <Filter>Source Files</Filter>
    </ClCompile>
    <ClCompile Include="HTTPRequest.cpp">
      <Filter>Source Files</Filter>
    </ClCompile>
    <ClCompile Include="HTTPResponse.cpp">
      <Filter>Source Files</Filter>
    </ClCompile>
    <ClCompile Include="RESTAPI.cpp">
      <Filter>Source Files</Filter>
    </ClCompile>
    <ClCompile Include="APIThread.cpp">
      <Filter>Source Files</Filter>
    </ClCompile>
    <ClCompile Include="CommandInterpreter.cpp">
      <Filter>Source Files</Filter>
    </ClCompile>
    <ClCompile Include="QuitHandler.cpp">
      <Filter>Source Files</Filter>
    </ClCompile>
    <ClCompile Include="JSONWriter.cpp">
      <Filter>Source Files</Filter>
    </ClCompile>
    <ClCompile Include="APIParameters.cpp">
      <Filter>Source Files</Filter>
    </ClCompile>
    <ClCompile Include="HTTPException.cpp">
      <Filter>Source Files</Filter>
    </ClCompile>
    <ClCompile Include="ScenarioMessageHandler.cpp">
      <Filter>Source Files</Filter>
    </ClCompile>
    <ClCompile Include="Folder.cpp">
      <Filter>Source Files</Filter>
    </ClCompile>
    <ClCompile Include="WideConverter.cpp">
      <Filter>Source Files</Filter>
    </ClCompile>
    <ClCompile Include="RecordMessageHandler.cpp">
      <Filter>Source Files</Filter>
    </ClCompile>
    <ClCompile Include="MessageHandler.cpp">
      <Filter>Source Files</Filter>
    </ClCompile>
    <ClCompile Include="ThermalMessageHandler.cpp">
      <Filter>Source Files</Filter>
    </ClCompile>
    <ClCompile Include="SimState.cpp">
      <Filter>Source Files</Filter>
    </ClCompile>
    <ClCompile Include="Simulator.cpp">
      <Filter>Source Files</Filter>
    </ClCompile>
    <ClCompile Include="CriticalSection.cpp">
      <Filter>Source Files</Filter>
    </ClCompile>
    <ClCompile Include="PositionMessageHandler.cpp">
      <Filter>Source Files</Filter>
    </ClCompile>
    <ClCompile Include="..\jsoncpp\json_reader.cpp">
      <Filter>Source Files</Filter>
    </ClCompile>
    <ClCompile Include="..\jsoncpp\json_value.cpp">
      <Filter>Source Files</Filter>
    </ClCompile>
    <ClCompile Include="..\jsoncpp\json_writer.cpp">
      <Filter>Source Files</Filter>
    </ClCompile>
    <ClCompile Include="Failures.cpp">
      <Filter>Source Files</Filter>
    </ClCompile>
    <ClCompile Include="FailuresMessageHandler.cpp">
      <Filter>Source Files</Filter>
    </ClCompile>
    <ClCompile Include="TrafficMessageHandler.cpp">
      <Filter>Source Files</Filter>
    </ClCompile>
    <ClCompile Include="WeatherMessageHandler.cpp">
      <Filter>Source Files</Filter>
    </ClCompile>
    <ClCompile Include="P3DInstallationDirectory.cpp">
      <Filter>Source Files</Filter>
    </ClCompile>
    <ClCompile Include="Spline.cpp">
      <Filter>Source Files</Filter>
    </ClCompile>
    <ClCompile Include="Extension.cpp">
      <Filter>Source Files</Filter>
    </ClCompile>
    <ClCompile Include="IGCFile.cpp">
      <Filter>Source Files</Filter>
    </ClCompile>
    <ClCompile Include="TracePoint.cpp">
      <Filter>Source Files</Filter>
    </ClCompile>
    <ClCompile Include="Trace.cpp">
      <Filter>Source Files</Filter>
    </ClCompile>
    <ClCompile Include="IgcMessageHandler.cpp">
      <Filter>Source Files</Filter>
    </ClCompile>
    <ClCompile Include="IGCAircraft.cpp">
      <Filter>Source Files</Filter>
    </ClCompile>
    <ClCompile Include="IGCFlightRecorder.cpp">
      <Filter>Source Files</Filter>
    </ClCompile>
  </ItemGroup>
  <ItemGroup>
    <None Include="ClassDiagram.cd" />
    <None Include="..\jsoncpp\json_valueiterator.inl">
      <Filter>Source Files</Filter>
    </None>
  </ItemGroup>
</Project>