<?xml version="1.0" encoding="utf-8"?>
<Project ToolsVersion="4.0" xmlns="http://schemas.microsoft.com/developer/msbuild/2003">
  <ItemGroup>
    <Filter Include="Source Files">
      <UniqueIdentifier>{4FC737F1-C7A5-4376-A066-2A32D752A2FF}</UniqueIdentifier>
      <Extensions>cpp;c;cc;cxx;c++;cppm;ixx;def;odl;idl;hpj;bat;asm;asmx</Extensions>
    </Filter>
    <Filter Include="Header Files">
      <UniqueIdentifier>{93995380-89BD-4b04-88EB-625FBE52EBFB}</UniqueIdentifier>
      <Extensions>h;hh;hpp;hxx;h++;hm;inl;inc;ipp;xsd</Extensions>
    </Filter>
    <Filter Include="Resource Files">
      <UniqueIdentifier>{67DA6AB6-F800-4c08-8B7A-83BB121AAD01}</UniqueIdentifier>
      <Extensions>rc;ico;cur;bmp;dlg;rc2;rct;bin;rgs;gif;jpg;jpeg;jpe;resx;tiff;tif;png;wav;mfcribbon-ms</Extensions>
    </Filter>
  </ItemGroup>
  <ItemGroup>
    <ClCompile Include="P3DWinch.cpp">
      <Filter>Source Files</Filter>
    </ClCompile>
    <ClCompile Include="Spline.cpp">
      <Filter>Source Files</Filter>
    </ClCompile>
    <ClCompile Include="stdafx.cpp">
      <Filter>Source Files</Filter>
    </ClCompile>
    <ClCompile Include="Aerofoil_NACA0010.cpp">
      <Filter>Source Files</Filter>
    </ClCompile>
    <ClCompile Include="Aerofoil_FX_02_196.cpp">
      <Filter>Source Files</Filter>
    </ClCompile>
    <ClCompile Include="Aerofoil_FX_60_126.cpp">
      <Filter>Source Files</Filter>
    </ClCompile>
    <ClCompile Include="Joystick.cpp">
      <Filter>Source Files</Filter>
    </ClCompile>
    <ClCompile Include="Simulation.cpp">
      <Filter>Source Files</Filter>
    </ClCompile>
    <ClCompile Include="model.cpp">
      <Filter>Source Files</Filter>
    </ClCompile>
    <ClCompile Include="panel.cpp">
      <Filter>Source Files</Filter>
    </ClCompile>
    <ClCompile Include="control_inputs.cpp">
      <Filter>Source Files</Filter>
    </ClCompile>
    <ClCompile Include="ground_contact.cpp">
      <Filter>Source Files</Filter>
    </ClCompile>
    <ClCompile Include="state_input.cpp">
      <Filter>Source Files</Filter>
    </ClCompile>
    <ClCompile Include="state_output.cpp">
      <Filter>Source Files</Filter>
    </ClCompile>
    <ClCompile Include="P3DEvent.cpp">
      <Filter>Source Files</Filter>
    </ClCompile>
    <ClCompile Include="TestFinEffect.cpp">
      <Filter>Source Files</Filter>
    </ClCompile>
    <ClCompile Include="TestBase.cpp">
      <Filter>Source Files</Filter>
    </ClCompile>
    <ClCompile Include="TestTailplaneEffect.cpp">
      <Filter>Source Files</Filter>
    </ClCompile>
    <ClCompile Include="TestWingEffect.cpp">
      <Filter>Source Files</Filter>
    </ClCompile>
    <ClCompile Include="TestFuselageEffect.cpp">
      <Filter>Source Files</Filter>
    </ClCompile>
    <ClCompile Include="runway_finder.cpp">
      <Filter>Source Files</Filter>
    </ClCompile>
  </ItemGroup>
  <ItemGroup>
    <ClInclude Include="quaternion.h">
      <Filter>Header Files</Filter>
    </ClInclude>
    <ClInclude Include="Spline.h">
      <Filter>Header Files</Filter>
    </ClInclude>
    <ClInclude Include="v3d.h">
      <Filter>Header Files</Filter>
    </ClInclude>
    <ClInclude Include="stdafx.h">
      <Filter>Header Files</Filter>
    </ClInclude>
    <ClInclude Include="state_vector.h">
      <Filter>Header Files</Filter>
    </ClInclude>
    <ClInclude Include="Aerofoil_NACA0010.h">
      <Filter>Header Files</Filter>
    </ClInclude>
    <ClInclude Include="Aerofoil_FX_02_196.h">
      <Filter>Header Files</Filter>
    </ClInclude>
    <ClInclude Include="Aerofoil_FX_60_126.h">
      <Filter>Header Files</Filter>
    </ClInclude>
    <ClInclude Include="aerofoil.h">
      <Filter>Header Files</Filter>
    </ClInclude>
    <ClInclude Include="world.h">
      <Filter>Header Files</Filter>
    </ClInclude>
    <ClInclude Include="aircraft_params.h">
      <Filter>Header Files</Filter>
    </ClInclude>
    <ClInclude Include="ask21.h">
      <Filter>Header Files</Filter>
    </ClInclude>
    <ClInclude Include="contact_point.h">
      <Filter>Header Files</Filter>
    </ClInclude>
    <ClInclude Include="control_inputs.h">
      <Filter>Header Files</Filter>
    </ClInclude>
    <ClInclude Include="ground_contact.h">
      <Filter>Header Files</Filter>
    </ClInclude>
    <ClInclude Include="local_math.h">
      <Filter>Header Files</Filter>
    </ClInclude>
    <ClInclude Include="model.h">
      <Filter>Header Files</Filter>
    </ClInclude>
    <ClInclude Include="panel.h">
      <Filter>Header Files</Filter>
    </ClInclude>
    <ClInclude Include="simulation.h">
      <Filter>Header Files</Filter>
    </ClInclude>
    <ClInclude Include="winch.h">
      <Filter>Header Files</Filter>
    </ClInclude>
    <ClInclude Include="Joystick.h">
      <Filter>Header Files</Filter>
    </ClInclude>
    <ClInclude Include="state_input.h">
      <Filter>Header Files</Filter>
    </ClInclude>
    <ClInclude Include="state_output.h">
      <Filter>Header Files</Filter>
    </ClInclude>
    <ClInclude Include="P3DEvent.h">
      <Filter>Header Files</Filter>
    </ClInclude>
    <ClInclude Include="TestFinEffect.h">
      <Filter>Header Files</Filter>
    </ClInclude>
    <ClInclude Include="TestBase.h">
      <Filter>Header Files</Filter>
    </ClInclude>
    <ClInclude Include="TestTailplaneEffect.h">
      <Filter>Header Files</Filter>
    </ClInclude>
    <ClInclude Include="TestWingEffect.h">
      <Filter>Header Files</Filter>
    </ClInclude>
    <ClInclude Include="TestFuselageEffect.h">
      <Filter>Header Files</Filter>
    </ClInclude>
    <ClInclude Include="runway_finder.h">
      <Filter>Header Files</Filter>
    </ClInclude>
  </ItemGroup>
</Project>